
Microsoft Visual Studio Solution File, Format Version 12.00
# Visual Studio Version 16
VisualStudioVersion = 16.0.31624.102
MinimumVisualStudioVersion = 10.0.40219.1
Project("{2150E333-8FDC-42A3-9474-1A3956D46DE8}") = "src", "src", "{2295165C-AD49-4429-9EF0-25E98E8C5006}"
EndProject
Project("{2150E333-8FDC-42A3-9474-1A3956D46DE8}") = "Catalog", "Catalog", "{E0D7FDBC-CA4F-4B5A-93D4-36CB52D9B050}"
EndProject
Project("{9A19103F-16F7-4668-BE54-9A1E7A4F7556}") = "Catalog.API", "src\Catalog\Catalog.API\Catalog.API.csproj", "{BED4F4FA-0F60-4A8C-9ABC-B92B41B651A9}"
EndProject
Project("{E53339B2-1760-4266-BCC7-CA923CBCF16C}") = "docker-compose", "docker-compose.dcproj", "{1C77481E-5819-42D1-8612-48A250E13E05}"
EndProject
Project("{2150E333-8FDC-42A3-9474-1A3956D46DE8}") = "Basket", "Basket", "{2FCFE2E0-73DC-4306-9199-88A59F9E5F0C}"
EndProject
Project("{9A19103F-16F7-4668-BE54-9A1E7A4F7556}") = "Basket.API", "src\Basket\Basket.API\Basket.API.csproj", "{58F5D756-1369-4EB0-AC8C-9779CBEE74B4}"
EndProject
Project("{2150E333-8FDC-42A3-9474-1A3956D46DE8}") = "Common", "Common", "{9BED5EAB-240F-4AC1-802B-DEF62C07E975}"
EndProject
Project("{9A19103F-16F7-4668-BE54-9A1E7A4F7556}") = "EventBusRabbitMq", "src\Common\EventBusRabbitMq\EventBusRabbitMq.csproj", "{3D1AA601-1EE6-402A-83A2-476887C00B3C}"
EndProject
Project("{2150E333-8FDC-42A3-9474-1A3956D46DE8}") = "Ordering", "Ordering", "{61CAA85C-44E8-490C-A85E-4E22EA8026BA}"
	ProjectSection(SolutionItems) = preProject
		PackagesInfo.txt = PackagesInfo.txt
	EndProjectSection
EndProject
Project("{9A19103F-16F7-4668-BE54-9A1E7A4F7556}") = "Ordering.API", "src\Ordering\Ordering.API\Ordering.API.csproj", "{11E4F423-BF8B-4E7C-B3B7-0949A963245B}"
EndProject
Project("{9A19103F-16F7-4668-BE54-9A1E7A4F7556}") = "Ordering.Core", "src\Ordering\Ordering.Core\Ordering.Core.csproj", "{29FD119C-A948-4648-BFFC-A88D2A2929B6}"
EndProject
Project("{9A19103F-16F7-4668-BE54-9A1E7A4F7556}") = "Ordering.Infrastructure", "src\Ordering\Ordering.Infrastructure\Ordering.Infrastructure.csproj", "{ADDED31F-EDB6-44DE-ACE1-EDCA8C6BBF4A}"
EndProject
Project("{9A19103F-16F7-4668-BE54-9A1E7A4F7556}") = "Ordering.Application", "src\Ordering\Ordering.Application\Ordering.Application.csproj", "{592715D8-2B47-4FBF-A791-CE90A0A6516A}"
EndProject
Project("{2150E333-8FDC-42A3-9474-1A3956D46DE8}") = "ApiGateway", "ApiGateway", "{7431A416-51C8-4348-9DB2-8CFF821E8F42}"
EndProject
Project("{FAE04EC0-301F-11D3-BF4B-00C04F79EFBC}") = "ApiGateway", "src\ApiGateway\ApiGateway\ApiGateway.csproj", "{233B8955-D536-4CA1-A464-1C6548D1D47A}"
EndProject
Global
	GlobalSection(SolutionConfigurationPlatforms) = preSolution
		Debug|Any CPU = Debug|Any CPU
		Release|Any CPU = Release|Any CPU
	EndGlobalSection
	GlobalSection(ProjectConfigurationPlatforms) = postSolution
		{BED4F4FA-0F60-4A8C-9ABC-B92B41B651A9}.Debug|Any CPU.ActiveCfg = Debug|Any CPU
		{BED4F4FA-0F60-4A8C-9ABC-B92B41B651A9}.Debug|Any CPU.Build.0 = Debug|Any CPU
		{BED4F4FA-0F60-4A8C-9ABC-B92B41B651A9}.Release|Any CPU.ActiveCfg = Release|Any CPU
		{BED4F4FA-0F60-4A8C-9ABC-B92B41B651A9}.Release|Any CPU.Build.0 = Release|Any CPU
		{1C77481E-5819-42D1-8612-48A250E13E05}.Debug|Any CPU.ActiveCfg = Debug|Any CPU
		{1C77481E-5819-42D1-8612-48A250E13E05}.Debug|Any CPU.Build.0 = Debug|Any CPU
		{1C77481E-5819-42D1-8612-48A250E13E05}.Release|Any CPU.ActiveCfg = Release|Any CPU
		{1C77481E-5819-42D1-8612-48A250E13E05}.Release|Any CPU.Build.0 = Release|Any CPU
		{58F5D756-1369-4EB0-AC8C-9779CBEE74B4}.Debug|Any CPU.ActiveCfg = Debug|Any CPU
		{58F5D756-1369-4EB0-AC8C-9779CBEE74B4}.Debug|Any CPU.Build.0 = Debug|Any CPU
		{58F5D756-1369-4EB0-AC8C-9779CBEE74B4}.Release|Any CPU.ActiveCfg = Release|Any CPU
		{58F5D756-1369-4EB0-AC8C-9779CBEE74B4}.Release|Any CPU.Build.0 = Release|Any CPU
		{3D1AA601-1EE6-402A-83A2-476887C00B3C}.Debug|Any CPU.ActiveCfg = Debug|Any CPU
		{3D1AA601-1EE6-402A-83A2-476887C00B3C}.Debug|Any CPU.Build.0 = Debug|Any CPU
		{3D1AA601-1EE6-402A-83A2-476887C00B3C}.Release|Any CPU.ActiveCfg = Release|Any CPU
		{3D1AA601-1EE6-402A-83A2-476887C00B3C}.Release|Any CPU.Build.0 = Release|Any CPU
		{11E4F423-BF8B-4E7C-B3B7-0949A963245B}.Debug|Any CPU.ActiveCfg = Debug|Any CPU
		{11E4F423-BF8B-4E7C-B3B7-0949A963245B}.Debug|Any CPU.Build.0 = Debug|Any CPU
		{11E4F423-BF8B-4E7C-B3B7-0949A963245B}.Release|Any CPU.ActiveCfg = Release|Any CPU
		{11E4F423-BF8B-4E7C-B3B7-0949A963245B}.Release|Any CPU.Build.0 = Release|Any CPU
		{29FD119C-A948-4648-BFFC-A88D2A2929B6}.Debug|Any CPU.ActiveCfg = Debug|Any CPU
		{29FD119C-A948-4648-BFFC-A88D2A2929B6}.Debug|Any CPU.Build.0 = Debug|Any CPU
		{29FD119C-A948-4648-BFFC-A88D2A2929B6}.Release|Any CPU.ActiveCfg = Release|Any CPU
		{29FD119C-A948-4648-BFFC-A88D2A2929B6}.Release|Any CPU.Build.0 = Release|Any CPU
		{ADDED31F-EDB6-44DE-ACE1-EDCA8C6BBF4A}.Debug|Any CPU.ActiveCfg = Debug|Any CPU
		{ADDED31F-EDB6-44DE-ACE1-EDCA8C6BBF4A}.Debug|Any CPU.Build.0 = Debug|Any CPU
		{ADDED31F-EDB6-44DE-ACE1-EDCA8C6BBF4A}.Release|Any CPU.ActiveCfg = Release|Any CPU
		{ADDED31F-EDB6-44DE-ACE1-EDCA8C6BBF4A}.Release|Any CPU.Build.0 = Release|Any CPU
		{592715D8-2B47-4FBF-A791-CE90A0A6516A}.Debug|Any CPU.ActiveCfg = Debug|Any CPU
		{592715D8-2B47-4FBF-A791-CE90A0A6516A}.Debug|Any CPU.Build.0 = Debug|Any CPU
		{592715D8-2B47-4FBF-A791-CE90A0A6516A}.Release|Any CPU.ActiveCfg = Release|Any CPU
		{592715D8-2B47-4FBF-A791-CE90A0A6516A}.Release|Any CPU.Build.0 = Release|Any CPU
		{233B8955-D536-4CA1-A464-1C6548D1D47A}.Debug|Any CPU.ActiveCfg = Debug|Any CPU
		{233B8955-D536-4CA1-A464-1C6548D1D47A}.Debug|Any CPU.Build.0 = Debug|Any CPU
		{233B8955-D536-4CA1-A464-1C6548D1D47A}.Release|Any CPU.ActiveCfg = Release|Any CPU
		{233B8955-D536-4CA1-A464-1C6548D1D47A}.Release|Any CPU.Build.0 = Release|Any CPU
	EndGlobalSection
	GlobalSection(SolutionProperties) = preSolution
		HideSolutionNode = FALSE
	EndGlobalSection
	GlobalSection(NestedProjects) = preSolution
		{E0D7FDBC-CA4F-4B5A-93D4-36CB52D9B050} = {2295165C-AD49-4429-9EF0-25E98E8C5006}
		{BED4F4FA-0F60-4A8C-9ABC-B92B41B651A9} = {E0D7FDBC-CA4F-4B5A-93D4-36CB52D9B050}
		{2FCFE2E0-73DC-4306-9199-88A59F9E5F0C} = {2295165C-AD49-4429-9EF0-25E98E8C5006}
		{58F5D756-1369-4EB0-AC8C-9779CBEE74B4} = {2FCFE2E0-73DC-4306-9199-88A59F9E5F0C}
		{9BED5EAB-240F-4AC1-802B-DEF62C07E975} = {2295165C-AD49-4429-9EF0-25E98E8C5006}
		{3D1AA601-1EE6-402A-83A2-476887C00B3C} = {9BED5EAB-240F-4AC1-802B-DEF62C07E975}
		{61CAA85C-44E8-490C-A85E-4E22EA8026BA} = {2295165C-AD49-4429-9EF0-25E98E8C5006}
		{11E4F423-BF8B-4E7C-B3B7-0949A963245B} = {61CAA85C-44E8-490C-A85E-4E22EA8026BA}
		{29FD119C-A948-4648-BFFC-A88D2A2929B6} = {61CAA85C-44E8-490C-A85E-4E22EA8026BA}
		{ADDED31F-EDB6-44DE-ACE1-EDCA8C6BBF4A} = {61CAA85C-44E8-490C-A85E-4E22EA8026BA}
		{592715D8-2B47-4FBF-A791-CE90A0A6516A} = {61CAA85C-44E8-490C-A85E-4E22EA8026BA}
		{7431A416-51C8-4348-9DB2-8CFF821E8F42} = {2295165C-AD49-4429-9EF0-25E98E8C5006}
		{233B8955-D536-4CA1-A464-1C6548D1D47A} = {7431A416-51C8-4348-9DB2-8CFF821E8F42}
	EndGlobalSection
	GlobalSection(ExtensibilityGlobals) = postSolution
		SolutionGuid = {40701BF5-E2F5-4D9D-92B0-2CF7E5156786}
	EndGlobalSection
EndGlobal
